// !$*UTF8*$!
{
	archiveVersion = 1;
	classes = {
	};
	objectVersion = 48;
	objects = {

/* Begin PBXBuildFile section */
		934D3EF5202FC47C0050E6DA /* EventsViewModel.swift in Sources */ = {isa = PBXBuildFile; fileRef = 934D3EF4202FC47C0050E6DA /* EventsViewModel.swift */; };
		934D3EF7202FC7D10050E6DA /* DependencyContainer.swift in Sources */ = {isa = PBXBuildFile; fileRef = 934D3EF6202FC7D10050E6DA /* DependencyContainer.swift */; };
		93E07091202FACBA00989187 /* AppDelegate.swift in Sources */ = {isa = PBXBuildFile; fileRef = 93E07090202FACBA00989187 /* AppDelegate.swift */; };
		93E07093202FACBA00989187 /* ViewController.swift in Sources */ = {isa = PBXBuildFile; fileRef = 93E07092202FACBA00989187 /* ViewController.swift */; };
		93E07098202FACBA00989187 /* Assets.xcassets in Resources */ = {isa = PBXBuildFile; fileRef = 93E07097202FACBA00989187 /* Assets.xcassets */; };
		93E0709B202FACBA00989187 /* LaunchScreen.storyboard in Resources */ = {isa = PBXBuildFile; fileRef = 93E07099202FACBA00989187 /* LaunchScreen.storyboard */; };
		93E070B1202FACD700989187 /* AppCoordinator.swift in Sources */ = {isa = PBXBuildFile; fileRef = 93E070B0202FACD700989187 /* AppCoordinator.swift */; };
		93E2052E202FB3B200F1FFFB /* EventFinder.swift in Sources */ = {isa = PBXBuildFile; fileRef = 93E2052D202FB3B200F1FFFB /* EventFinder.swift */; };
		93E20530202FB3C400F1FFFB /* Configuration.swift in Sources */ = {isa = PBXBuildFile; fileRef = 93E2052F202FB3C400F1FFFB /* Configuration.swift */; };
		93E20533202FB9DA00F1FFFB /* NotificationScheduler.swift in Sources */ = {isa = PBXBuildFile; fileRef = 93E20532202FB9DA00F1FFFB /* NotificationScheduler.swift */; };
/* End PBXBuildFile section */

/* Begin PBXFileReference section */
		934D3EF4202FC47C0050E6DA /* EventsViewModel.swift */ = {isa = PBXFileReference; lastKnownFileType = sourcecode.swift; path = EventsViewModel.swift; sourceTree = "<group>"; };
		934D3EF6202FC7D10050E6DA /* DependencyContainer.swift */ = {isa = PBXFileReference; lastKnownFileType = sourcecode.swift; path = DependencyContainer.swift; sourceTree = "<group>"; };
		93E0708D202FACBA00989187 /* Prealarm.app */ = {isa = PBXFileReference; explicitFileType = wrapper.application; includeInIndex = 0; path = Prealarm.app; sourceTree = BUILT_PRODUCTS_DIR; };
		93E07090202FACBA00989187 /* AppDelegate.swift */ = {isa = PBXFileReference; lastKnownFileType = sourcecode.swift; path = AppDelegate.swift; sourceTree = "<group>"; };
		93E07092202FACBA00989187 /* ViewController.swift */ = {isa = PBXFileReference; lastKnownFileType = sourcecode.swift; path = ViewController.swift; sourceTree = "<group>"; };
		93E07097202FACBA00989187 /* Assets.xcassets */ = {isa = PBXFileReference; lastKnownFileType = folder.assetcatalog; path = Assets.xcassets; sourceTree = "<group>"; };
		93E0709A202FACBA00989187 /* Base */ = {isa = PBXFileReference; lastKnownFileType = file.storyboard; name = Base; path = Base.lproj/LaunchScreen.storyboard; sourceTree = "<group>"; };
		93E0709C202FACBA00989187 /* Info.plist */ = {isa = PBXFileReference; lastKnownFileType = text.plist.xml; path = Info.plist; sourceTree = "<group>"; };
		93E070B0202FACD700989187 /* AppCoordinator.swift */ = {isa = PBXFileReference; lastKnownFileType = sourcecode.swift; path = AppCoordinator.swift; sourceTree = "<group>"; };
		93E2052D202FB3B200F1FFFB /* EventFinder.swift */ = {isa = PBXFileReference; lastKnownFileType = sourcecode.swift; path = EventFinder.swift; sourceTree = "<group>"; };
		93E2052F202FB3C400F1FFFB /* Configuration.swift */ = {isa = PBXFileReference; lastKnownFileType = sourcecode.swift; path = Configuration.swift; sourceTree = "<group>"; };
		93E20532202FB9DA00F1FFFB /* NotificationScheduler.swift */ = {isa = PBXFileReference; lastKnownFileType = sourcecode.swift; path = NotificationScheduler.swift; sourceTree = "<group>"; };
/* End PBXFileReference section */

/* Begin PBXFrameworksBuildPhase section */
		93E0708A202FACBA00989187 /* Frameworks */ = {
			isa = PBXFrameworksBuildPhase;
			buildActionMask = 2147483647;
			files = (
			);
			runOnlyForDeploymentPostprocessing = 0;
		};
/* End PBXFrameworksBuildPhase section */

/* Begin PBXGroup section */
		93E07084202FACBA00989187 = {
			isa = PBXGroup;
			children = (
				93E0708F202FACBA00989187 /* Prealarm */,
				93E0708E202FACBA00989187 /* Products */,
			);
			sourceTree = "<group>";
		};
		93E0708E202FACBA00989187 /* Products */ = {
			isa = PBXGroup;
			children = (
				93E0708D202FACBA00989187 /* Prealarm.app */,
			);
			name = Products;
			sourceTree = "<group>";
		};
		93E0708F202FACBA00989187 /* Prealarm */ = {
			isa = PBXGroup;
			children = (
				93E070B0202FACD700989187 /* AppCoordinator.swift */,
				93E07090202FACBA00989187 /* AppDelegate.swift */,
				93E2052F202FB3C400F1FFFB /* Configuration.swift */,
				934D3EF6202FC7D10050E6DA /* DependencyContainer.swift */,
				93E2052D202FB3B200F1FFFB /* EventFinder.swift */,
				934D3EF4202FC47C0050E6DA /* EventsViewModel.swift */,
				93E20532202FB9DA00F1FFFB /* NotificationScheduler.swift */,
				93E07092202FACBA00989187 /* ViewController.swift */,
				93E20531202FB3CF00F1FFFB /* Resources */,
			);
			path = Prealarm;
			sourceTree = "<group>";
		};
		93E20531202FB3CF00F1FFFB /* Resources */ = {
			isa = PBXGroup;
			children = (
				93E07097202FACBA00989187 /* Assets.xcassets */,
				93E07099202FACBA00989187 /* LaunchScreen.storyboard */,
				93E0709C202FACBA00989187 /* Info.plist */,
			);
			path = Resources;
			sourceTree = "<group>";
		};
/* End PBXGroup section */

/* Begin PBXNativeTarget section */
		93E0708C202FACBA00989187 /* Prealarm */ = {
			isa = PBXNativeTarget;
			buildConfigurationList = 93E070AA202FACBA00989187 /* Build configuration list for PBXNativeTarget "Prealarm" */;
			buildPhases = (
				93E07089202FACBA00989187 /* Sources */,
				93E0708A202FACBA00989187 /* Frameworks */,
				93E0708B202FACBA00989187 /* Resources */,
			);
			buildRules = (
			);
			dependencies = (
			);
			name = Prealarm;
			productName = Prealarm;
			productReference = 93E0708D202FACBA00989187 /* Prealarm.app */;
			productType = "com.apple.product-type.application";
		};
/* End PBXNativeTarget section */

/* Begin PBXProject section */
		93E07085202FACBA00989187 /* Project object */ = {
			isa = PBXProject;
			attributes = {
				LastSwiftUpdateCheck = 0920;
				LastUpgradeCheck = 0920;
				ORGANIZATIONNAME = "Bryan Irace";
				TargetAttributes = {
					93E0708C202FACBA00989187 = {
						CreatedOnToolsVersion = 9.2;
						ProvisioningStyle = Automatic;
						SystemCapabilities = {
							com.apple.BackgroundModes = {
								enabled = 1;
							};
						};
					};
				};
			};
			buildConfigurationList = 93E07088202FACBA00989187 /* Build configuration list for PBXProject "Prealarm" */;
			compatibilityVersion = "Xcode 8.0";
			developmentRegion = en;
			hasScannedForEncodings = 0;
			knownRegions = (
				en,
				Base,
			);
			mainGroup = 93E07084202FACBA00989187;
			productRefGroup = 93E0708E202FACBA00989187 /* Products */;
			projectDirPath = "";
			projectRoot = "";
			targets = (
				93E0708C202FACBA00989187 /* Prealarm */,
			);
		};
/* End PBXProject section */

/* Begin PBXResourcesBuildPhase section */
		93E0708B202FACBA00989187 /* Resources */ = {
			isa = PBXResourcesBuildPhase;
			buildActionMask = 2147483647;
			files = (
				93E0709B202FACBA00989187 /* LaunchScreen.storyboard in Resources */,
				93E07098202FACBA00989187 /* Assets.xcassets in Resources */,
			);
			runOnlyForDeploymentPostprocessing = 0;
		};
/* End PBXResourcesBuildPhase section */

/* Begin PBXSourcesBuildPhase section */
		93E07089202FACBA00989187 /* Sources */ = {
			isa = PBXSourcesBuildPhase;
			buildActionMask = 2147483647;
			files = (
				93E070B1202FACD700989187 /* AppCoordinator.swift in Sources */,
				934D3EF5202FC47C0050E6DA /* EventsViewModel.swift in Sources */,
				93E20530202FB3C400F1FFFB /* Configuration.swift in Sources */,
				93E07093202FACBA00989187 /* ViewController.swift in Sources */,
				93E2052E202FB3B200F1FFFB /* EventFinder.swift in Sources */,
				93E20533202FB9DA00F1FFFB /* NotificationScheduler.swift in Sources */,
				934D3EF7202FC7D10050E6DA /* DependencyContainer.swift in Sources */,
				93E07091202FACBA00989187 /* AppDelegate.swift in Sources */,
			);
			runOnlyForDeploymentPostprocessing = 0;
		};
/* End PBXSourcesBuildPhase section */

/* Begin PBXVariantGroup section */
		93E07099202FACBA00989187 /* LaunchScreen.storyboard */ = {
			isa = PBXVariantGroup;
			children = (
				93E0709A202FACBA00989187 /* Base */,
			);
			name = LaunchScreen.storyboard;
			sourceTree = "<group>";
		};
/* End PBXVariantGroup section */

/* Begin XCBuildConfiguration section */
		93E070A8202FACBA00989187 /* Debug */ = {
			isa = XCBuildConfiguration;
			buildSettings = {
				ALWAYS_SEARCH_USER_PATHS = NO;
				CLANG_ANALYZER_NONNULL = YES;
				CLANG_ANALYZER_NUMBER_OBJECT_CONVERSION = YES_AGGRESSIVE;
				CLANG_CXX_LANGUAGE_STANDARD = "gnu++14";
				CLANG_CXX_LIBRARY = "libc++";
				CLANG_ENABLE_MODULES = YES;
				CLANG_ENABLE_OBJC_ARC = YES;
				CLANG_WARN_BLOCK_CAPTURE_AUTORELEASING = YES;
				CLANG_WARN_BOOL_CONVERSION = YES;
				CLANG_WARN_COMMA = YES;
				CLANG_WARN_CONSTANT_CONVERSION = YES;
				CLANG_WARN_DIRECT_OBJC_ISA_USAGE = YES_ERROR;
				CLANG_WARN_DOCUMENTATION_COMMENTS = YES;
				CLANG_WARN_EMPTY_BODY = YES;
				CLANG_WARN_ENUM_CONVERSION = YES;
				CLANG_WARN_INFINITE_RECURSION = YES;
				CLANG_WARN_INT_CONVERSION = YES;
				CLANG_WARN_NON_LITERAL_NULL_CONVERSION = YES;
				CLANG_WARN_OBJC_LITERAL_CONVERSION = YES;
				CLANG_WARN_OBJC_ROOT_CLASS = YES_ERROR;
				CLANG_WARN_RANGE_LOOP_ANALYSIS = YES;
				CLANG_WARN_STRICT_PROTOTYPES = YES;
				CLANG_WARN_SUSPICIOUS_MOVE = YES;
				CLANG_WARN_UNGUARDED_AVAILABILITY = YES_AGGRESSIVE;
				CLANG_WARN_UNREACHABLE_CODE = YES;
				CLANG_WARN__DUPLICATE_METHOD_MATCH = YES;
				CODE_SIGN_IDENTITY = "iPhone Developer";
				COPY_PHASE_STRIP = NO;
				DEBUG_INFORMATION_FORMAT = dwarf;
				ENABLE_STRICT_OBJC_MSGSEND = YES;
				ENABLE_TESTABILITY = YES;
				GCC_C_LANGUAGE_STANDARD = gnu11;
				GCC_DYNAMIC_NO_PIC = NO;
				GCC_NO_COMMON_BLOCKS = YES;
				GCC_OPTIMIZATION_LEVEL = 0;
				GCC_PREPROCESSOR_DEFINITIONS = (
					"DEBUG=1",
					"$(inherited)",
				);
				GCC_WARN_64_TO_32_BIT_CONVERSION = YES;
				GCC_WARN_ABOUT_RETURN_TYPE = YES_ERROR;
				GCC_WARN_UNDECLARED_SELECTOR = YES;
				GCC_WARN_UNINITIALIZED_AUTOS = YES_AGGRESSIVE;
				GCC_WARN_UNUSED_FUNCTION = YES;
				GCC_WARN_UNUSED_VARIABLE = YES;
				IPHONEOS_DEPLOYMENT_TARGET = 11.2;
				MTL_ENABLE_DEBUG_INFO = YES;
				ONLY_ACTIVE_ARCH = YES;
				SDKROOT = iphoneos;
				SWIFT_ACTIVE_COMPILATION_CONDITIONS = DEBUG;
				SWIFT_OPTIMIZATION_LEVEL = "-Onone";
			};
			name = Debug;
		};
		93E070A9202FACBA00989187 /* Release */ = {
			isa = XCBuildConfiguration;
			buildSettings = {
				ALWAYS_SEARCH_USER_PATHS = NO;
				CLANG_ANALYZER_NONNULL = YES;
				CLANG_ANALYZER_NUMBER_OBJECT_CONVERSION = YES_AGGRESSIVE;
				CLANG_CXX_LANGUAGE_STANDARD = "gnu++14";
				CLANG_CXX_LIBRARY = "libc++";
				CLANG_ENABLE_MODULES = YES;
				CLANG_ENABLE_OBJC_ARC = YES;
				CLANG_WARN_BLOCK_CAPTURE_AUTORELEASING = YES;
				CLANG_WARN_BOOL_CONVERSION = YES;
				CLANG_WARN_COMMA = YES;
				CLANG_WARN_CONSTANT_CONVERSION = YES;
				CLANG_WARN_DIRECT_OBJC_ISA_USAGE = YES_ERROR;
				CLANG_WARN_DOCUMENTATION_COMMENTS = YES;
				CLANG_WARN_EMPTY_BODY = YES;
				CLANG_WARN_ENUM_CONVERSION = YES;
				CLANG_WARN_INFINITE_RECURSION = YES;
				CLANG_WARN_INT_CONVERSION = YES;
				CLANG_WARN_NON_LITERAL_NULL_CONVERSION = YES;
				CLANG_WARN_OBJC_LITERAL_CONVERSION = YES;
				CLANG_WARN_OBJC_ROOT_CLASS = YES_ERROR;
				CLANG_WARN_RANGE_LOOP_ANALYSIS = YES;
				CLANG_WARN_STRICT_PROTOTYPES = YES;
				CLANG_WARN_SUSPICIOUS_MOVE = YES;
				CLANG_WARN_UNGUARDED_AVAILABILITY = YES_AGGRESSIVE;
				CLANG_WARN_UNREACHABLE_CODE = YES;
				CLANG_WARN__DUPLICATE_METHOD_MATCH = YES;
				CODE_SIGN_IDENTITY = "iPhone Developer";
				COPY_PHASE_STRIP = NO;
				DEBUG_INFORMATION_FORMAT = "dwarf-with-dsym";
				ENABLE_NS_ASSERTIONS = NO;
				ENABLE_STRICT_OBJC_MSGSEND = YES;
				GCC_C_LANGUAGE_STANDARD = gnu11;
				GCC_NO_COMMON_BLOCKS = YES;
				GCC_WARN_64_TO_32_BIT_CONVERSION = YES;
				GCC_WARN_ABOUT_RETURN_TYPE = YES_ERROR;
				GCC_WARN_UNDECLARED_SELECTOR = YES;
				GCC_WARN_UNINITIALIZED_AUTOS = YES_AGGRESSIVE;
				GCC_WARN_UNUSED_FUNCTION = YES;
				GCC_WARN_UNUSED_VARIABLE = YES;
				IPHONEOS_DEPLOYMENT_TARGET = 11.2;
				MTL_ENABLE_DEBUG_INFO = NO;
				SDKROOT = iphoneos;
				SWIFT_OPTIMIZATION_LEVEL = "-Owholemodule";
				VALIDATE_PRODUCT = YES;
			};
			name = Release;
		};
		93E070AB202FACBA00989187 /* Debug */ = {
			isa = XCBuildConfiguration;
			buildSettings = {
				ASSETCATALOG_COMPILER_APPICON_NAME = AppIcon;
				CODE_SIGN_STYLE = Automatic;
				DEVELOPMENT_TEAM = G498E8D6NA;
				INFOPLIST_FILE = Prealarm/Resources/Info.plist;
				LD_RUNPATH_SEARCH_PATHS = "$(inherited) @executable_path/Frameworks";
				PRODUCT_BUNDLE_IDENTIFIER = me.irace.Prealarm;
				PRODUCT_NAME = "$(TARGET_NAME)";
				SWIFT_VERSION = 4.0;
				TARGETED_DEVICE_FAMILY = "1,2";
			};
			name = Debug;
		};
		93E070AC202FACBA00989187 /* Release */ = {
			isa = XCBuildConfiguration;
			buildSettings = {
				ASSETCATALOG_COMPILER_APPICON_NAME = AppIcon;
				CODE_SIGN_STYLE = Automatic;
				DEVELOPMENT_TEAM = G498E8D6NA;
				INFOPLIST_FILE = Prealarm/Resources/Info.plist;
				LD_RUNPATH_SEARCH_PATHS = "$(inherited) @executable_path/Frameworks";
				PRODUCT_BUNDLE_IDENTIFIER = me.irace.Prealarm;
				PRODUCT_NAME = "$(TARGET_NAME)";
				SWIFT_VERSION = 4.0;
				TARGETED_DEVICE_FAMILY = "1,2";
			};
			name = Release;
		};
/* End XCBuildConfiguration section */

/* Begin XCConfigurationList section */
		93E07088202FACBA00989187 /* Build configuration list for PBXProject "Prealarm" */ = {
			isa = XCConfigurationList;
			buildConfigurations = (
				93E070A8202FACBA00989187 /* Debug */,
				93E070A9202FACBA00989187 /* Release */,
			);
			defaultConfigurationIsVisible = 0;
			defaultConfigurationName = Release;
		};
		93E070AA202FACBA00989187 /* Build configuration list for PBXNativeTarget "Prealarm" */ = {
			isa = XCConfigurationList;
			buildConfigurations = (
				93E070AB202FACBA00989187 /* Debug */,
				93E070AC202FACBA00989187 /* Release */,
			);
			defaultConfigurationIsVisible = 0;
			defaultConfigurationName = Release;
		};
/* End XCConfigurationList section */
	};
	rootObject = 93E07085202FACBA00989187 /* Project object */;
}
